{
  "nodes": {
    "alacritty-themes": {
      "flake": false,
      "locked": {
        "lastModified": 1711741842,
        "narHash": "sha256-VWHI0Rhqjhv17ZzaYCYFroI0SNlxVHEShy60hAIdaZE=",
        "owner": "alacritty",
        "repo": "alacritty-theme",
        "rev": "bd009e1f85d2ff35a9ff9b24808d2927e18a47e6",
        "type": "github"
      },
      "original": {
        "owner": "alacritty",
        "repo": "alacritty-theme",
        "type": "github"
      }
    },
    "bat-catppuccin-plug": {
      "flake": false,
      "locked": {
        "lastModified": 1710456315,
        "narHash": "sha256-POoW2sEM6jiymbb+W/9DKIjDM1Buu1HAmrNP0yC2JPg=",
        "owner": "catppuccin",
        "repo": "bat",
        "rev": "b19bea35a85a32294ac4732cad5b0dc6495bed32",
        "type": "github"
      },
      "original": {
        "owner": "catppuccin",
        "repo": "bat",
        "type": "github"
      }
    },
    "bat-typst-syntax": {
      "flake": false,
      "locked": {
        "lastModified": 1711330882,
        "narHash": "sha256-WuW4HfKmgEl/drEt1urhDjCdTuKGbtWiVDdZt84lcOY=",
        "owner": "hyrious",
        "repo": "typst-syntax-highlight",
        "rev": "4f7f30d7ee52987f2e219ad42c47cf7aca3a62ef",
        "type": "github"
      },
      "original": {
        "owner": "hyrious",
        "repo": "typst-syntax-highlight",
        "type": "github"
      }
    },
    "crane": {
      "inputs": {
        "nixpkgs": [
          "helix",
          "nixpkgs"
        ]
      },
      "locked": {
        "lastModified": 1709610799,
        "narHash": "sha256-5jfLQx0U9hXbi2skYMGodDJkIgffrjIOgMRjZqms2QE=",
        "owner": "ipetkov",
        "repo": "crane",
        "rev": "81c393c776d5379c030607866afef6406ca1be57",
        "type": "github"
      },
      "original": {
        "owner": "ipetkov",
        "repo": "crane",
        "type": "github"
      }
    },
    "darwin": {
      "inputs": {
        "nixpkgs": [
          "nixpkgs"
        ]
      },
      "locked": {
        "lastModified": 1711763326,
        "narHash": "sha256-sXcesZWKXFlEQ8oyGHnfk4xc9f2Ip0X/+YZOq3sKviI=",
        "owner": "lnl7",
        "repo": "nix-darwin",
        "rev": "36524adc31566655f2f4d55ad6b875fb5c1a4083",
        "type": "github"
      },
      "original": {
        "owner": "lnl7",
        "repo": "nix-darwin",
        "type": "github"
      }
    },
    "datamine-scraper": {
      "inputs": {
        "flake-utils": "flake-utils",
        "gomod2nix": "gomod2nix",
        "nixpkgs": [
          "nixpkgs"
        ]
      },
      "locked": {
        "lastModified": 1707425894,
        "narHash": "sha256-Fo0zIUwjb6d+5mlzUKTGnrYLpLYc0zYtyG/rmKFOxlg=",
        "owner": "agarmu",
        "repo": "datamine-scraper",
        "rev": "bb05fd3b1bb2b77e7b2a2faba4b0c5d0d799313a",
        "type": "github"
      },
      "original": {
        "owner": "agarmu",
        "repo": "datamine-scraper",
        "type": "github"
      }
    },
    "fenix": {
      "inputs": {
        "nixpkgs": "nixpkgs_2",
        "rust-analyzer-src": "rust-analyzer-src"
      },
      "locked": {
        "lastModified": 1692685213,
        "narHash": "sha256-JOrXleSdEKuymCyxg7P4GTTATDhBdfeyWcd1qQQlIYw=",
        "owner": "nix-community",
        "repo": "fenix",
        "rev": "ffa0a8815be591767f82d42c63d88bfa4026a967",
        "type": "github"
      },
      "original": {
        "owner": "nix-community",
        "repo": "fenix",
        "type": "github"
      }
    },
    "flake-utils": {
      "inputs": {
        "systems": "systems"
      },
      "locked": {
        "lastModified": 1705309234,
        "narHash": "sha256-uNRRNRKmJyCRC/8y1RqBkqWBLM034y4qN7EprSdmgyA=",
        "owner": "numtide",
        "repo": "flake-utils",
        "rev": "1ef2e671c3b0c19053962c07dbda38332dcebf26",
        "type": "github"
      },
      "original": {
        "owner": "numtide",
        "repo": "flake-utils",
        "type": "github"
      }
    },
    "flake-utils_2": {
      "inputs": {
        "systems": "systems_2"
      },
      "locked": {
        "lastModified": 1709126324,
        "narHash": "sha256-q6EQdSeUZOG26WelxqkmR7kArjgWCdw5sfJVHPH/7j8=",
        "owner": "numtide",
        "repo": "flake-utils",
        "rev": "d465f4819400de7c8d874d50b982301f28a84605",
        "type": "github"
      },
      "original": {
        "owner": "numtide",
        "repo": "flake-utils",
        "type": "github"
      }
    },
    "flake-utils_3": {
      "inputs": {
        "systems": "systems_3"
      },
      "locked": {
        "lastModified": 1685518550,
        "narHash": "sha256-o2d0KcvaXzTrPRIo0kOLV0/QXHhDQ5DTi+OxcjO8xqY=",
        "owner": "numtide",
        "repo": "flake-utils",
        "rev": "a1720a10a6cfe8234c0e93907ffe81be440f4cef",
        "type": "github"
      },
      "original": {
        "owner": "numtide",
        "repo": "flake-utils",
        "type": "github"
      }
    },
    "gomod2nix": {
      "inputs": {
        "flake-utils": [
          "datamine-scraper",
          "flake-utils"
        ],
        "nixpkgs": [
          "datamine-scraper",
          "nixpkgs"
        ]
      },
      "locked": {
        "lastModified": 1705314449,
        "narHash": "sha256-yfQQ67dLejP0FLK76LKHbkzcQqNIrux6MFe32MMFGNQ=",
        "owner": "nix-community",
        "repo": "gomod2nix",
        "rev": "30e3c3a9ec4ac8453282ca7f67fca9e1da12c3e6",
        "type": "github"
      },
      "original": {
        "owner": "nix-community",
        "repo": "gomod2nix",
        "type": "github"
      }
    },
    "helix": {
      "inputs": {
        "crane": "crane",
        "flake-utils": "flake-utils_2",
        "nixpkgs": [
          "nixpkgs"
        ],
        "rust-overlay": "rust-overlay"
      },
      "locked": {
        "lastModified": 1712438849,
        "narHash": "sha256-Gnsb+gru8j1WXqX1lCjM67Dzk6xMvEXRnoZIIYX6xyI=",
        "owner": "helix-editor",
        "repo": "helix",
        "rev": "e69292e5eb7b0f727fefa19cffec910718af31b3",
        "type": "github"
      },
      "original": {
        "owner": "helix-editor",
        "repo": "helix",
        "type": "github"
      }
    },
    "home-manager": {
      "inputs": {
        "nixpkgs": [
          "nixpkgs"
        ]
      },
      "locked": {
        "lastModified": 1712390667,
        "narHash": "sha256-ebq+fJZfobqpsAdGDGpxNWSySbQejRwW9cdiil6krCo=",
        "owner": "nix-community",
        "repo": "home-manager",
        "rev": "b787726a8413e11b074cde42704b4af32d95545c",
        "type": "github"
      },
      "original": {
        "owner": "nix-community",
        "ref": "master",
        "repo": "home-manager",
        "type": "github"
      }
    },
    "nixpkgs": {
      "locked": {
        "lastModified": 1712388808,
        "narHash": "sha256-9ogU4c3vUmuMDoRlbQCeq3OKx0XJmgHcLZ4XywJNYWI=",
        "owner": "nixos",
        "repo": "nixpkgs",
        "rev": "fe4295b9ecd88764c1abf6179e03b1a828ca0e9a",
        "type": "github"
      },
      "original": {
        "owner": "nixos",
        "ref": "nixpkgs-unstable",
        "repo": "nixpkgs",
        "type": "github"
      }
    },
    "nixpkgs_2": {
      "locked": {
        "lastModified": 1692447944,
        "narHash": "sha256-fkJGNjEmTPvqBs215EQU4r9ivecV5Qge5cF/QDLVn3U=",
        "owner": "nixos",
        "repo": "nixpkgs",
        "rev": "d680ded26da5cf104dd2735a51e88d2d8f487b4d",
        "type": "github"
      },
      "original": {
        "owner": "nixos",
        "ref": "nixos-unstable",
        "repo": "nixpkgs",
        "type": "github"
      }
    },
    "nur": {
      "locked": {
        "lastModified": 1712439993,
        "narHash": "sha256-dwtJxHYg6EJg5LVfcpRcwlUOxqCGLGlndB7YrbNqcC4=",
        "owner": "nix-community",
        "repo": "NUR",
        "rev": "ef7e3ecaf9f58150db1e00d01ea9985b0f8d9756",
        "type": "github"
      },
      "original": {
        "owner": "nix-community",
        "repo": "NUR",
        "type": "github"
      }
    },
    "root": {
      "inputs": {
        "alacritty-themes": "alacritty-themes",
        "bat-catppuccin-plug": "bat-catppuccin-plug",
        "bat-typst-syntax": "bat-typst-syntax",
        "darwin": "darwin",
        "datamine-scraper": "datamine-scraper",
        "helix": "helix",
        "home-manager": "home-manager",
        "nixpkgs": "nixpkgs",
        "nur": "nur",
        "ruby-build": "ruby-build",
        "typst-lsp": "typst-lsp",
        "vim-catppuccin-plug": "vim-catppuccin-plug",
        "vim-omnisharp-plug": "vim-omnisharp-plug",
        "vim-tree-plug": "vim-tree-plug",
        "vim-typst-plug": "vim-typst-plug"
      }
    },
    "ruby-build": {
      "flake": false,
      "locked": {
        "lastModified": 1711367460,
        "narHash": "sha256-zcNOc1jGKQCFDF3op9TYCL4Kc3X3iA5bz5/8KxkLIy0=",
        "owner": "rbenv",
        "repo": "ruby-build",
        "rev": "683dc597740c20f60bd460ec1d8362e92cea93dc",
        "type": "github"
      },
      "original": {
        "owner": "rbenv",
        "repo": "ruby-build",
        "type": "github"
      }
    },
    "rust-analyzer-src": {
      "flake": false,
      "locked": {
        "lastModified": 1692605210,
        "narHash": "sha256-4Iipx8N7GxQLyPUGTCHPEon7Duko31FCoqDef3kveIU=",
        "owner": "rust-lang",
        "repo": "rust-analyzer",
        "rev": "9b3d03408c66749d56466bb09baf2a7177deb6ce",
        "type": "github"
      },
      "original": {
        "owner": "rust-lang",
        "ref": "nightly",
        "repo": "rust-analyzer",
        "type": "github"
      }
    },
    "rust-overlay": {
      "inputs": {
        "flake-utils": [
          "helix",
          "flake-utils"
        ],
        "nixpkgs": [
          "helix",
          "nixpkgs"
        ]
      },
      "locked": {
        "lastModified": 1709604635,
        "narHash": "sha256-le4fwmWmjGRYWwkho0Gr7mnnZndOOe4XGbLw68OvF40=",
        "owner": "oxalica",
        "repo": "rust-overlay",
        "rev": "e86c0fb5d3a22a5f30d7f64ecad88643fe26449d",
        "type": "github"
      },
      "original": {
        "owner": "oxalica",
        "repo": "rust-overlay",
        "type": "github"
      }
    },
    "systems": {
      "locked": {
        "lastModified": 1681028828,
        "narHash": "sha256-Vy1rq5AaRuLzOxct8nz4T6wlgyUR7zLU309k9mBC768=",
        "owner": "nix-systems",
        "repo": "default",
        "rev": "da67096a3b9bf56a91d16901293e51ba5b49a27e",
        "type": "github"
      },
      "original": {
        "owner": "nix-systems",
        "repo": "default",
        "type": "github"
      }
    },
    "systems_2": {
      "locked": {
        "lastModified": 1681028828,
        "narHash": "sha256-Vy1rq5AaRuLzOxct8nz4T6wlgyUR7zLU309k9mBC768=",
        "owner": "nix-systems",
        "repo": "default",
        "rev": "da67096a3b9bf56a91d16901293e51ba5b49a27e",
        "type": "github"
      },
      "original": {
        "owner": "nix-systems",
        "repo": "default",
        "type": "github"
      }
    },
    "systems_3": {
      "locked": {
        "lastModified": 1681028828,
        "narHash": "sha256-Vy1rq5AaRuLzOxct8nz4T6wlgyUR7zLU309k9mBC768=",
        "owner": "nix-systems",
        "repo": "default",
        "rev": "da67096a3b9bf56a91d16901293e51ba5b49a27e",
        "type": "github"
      },
      "original": {
        "owner": "nix-systems",
        "repo": "default",
        "type": "github"
      }
    },
    "typst": {
      "flake": false,
      "locked": {
        "lastModified": 1691421581,
        "narHash": "sha256-yrtOmlFAKOqAmhCP7n0HQCOQpU3DWyms5foCdUb9QTg=",
        "owner": "typst",
        "repo": "typst",
        "rev": "da8367e189b02918a8fe1a98fd3059fd11a82cd9",
        "type": "github"
      },
      "original": {
        "owner": "typst",
        "ref": "v0.7.0",
        "repo": "typst",
        "type": "github"
      }
    },
    "typst-fmt": {
      "flake": false,
      "locked": {
        "lastModified": 1692070457,
        "narHash": "sha256-qeAiBNpfCRaSpzpwiveR1K4G5aS1CAWcLvKnQU219yc=",
        "owner": "astrale-sharp",
        "repo": "typstfmt",
        "rev": "8404a15628dafa683975ab9e0c5af2d33b2b2e6b",
        "type": "github"
      },
      "original": {
        "owner": "astrale-sharp",
        "ref": "8404a15",
        "repo": "typstfmt",
        "type": "github"
      }
    },
    "typst-lsp": {
      "inputs": {
        "fenix": "fenix",
        "flake-utils": "flake-utils_3",
        "nixpkgs": [
          "nixpkgs"
        ],
        "typst": "typst",
        "typst-fmt": "typst-fmt"
      },
      "locked": {
        "lastModified": 1710550672,
        "narHash": "sha256-OubKtSHw9L4GzVzZY0AVdHY7LzKg/XQIhUfUc2OYAG0=",
        "owner": "nvarner",
        "repo": "typst-lsp",
        "rev": "69cdef3bd74a908dc2677d8a7edbc7ce533edbaa",
        "type": "github"
      },
      "original": {
        "owner": "nvarner",
        "repo": "typst-lsp",
        "type": "github"
      }
    },
    "vim-catppuccin-plug": {
      "flake": false,
      "locked": {
        "lastModified": 1711706907,
        "narHash": "sha256-GQjxE8lQj52pheJtHCS+9v2lsJY7wMj2IXVCoNRmQSQ=",
        "owner": "catppuccin",
        "repo": "nvim",
        "rev": "aebe43db9cb26e1c70fc5b2fd4158169c405e720",
        "type": "github"
      },
      "original": {
        "owner": "catppuccin",
        "repo": "nvim",
        "type": "github"
      }
    },
    "vim-omnisharp-plug": {
      "flake": false,
      "locked": {
        "lastModified": 1697407911,
        "narHash": "sha256-z3Dgrm9pNWkvfShPmB9O8TqpY592sk1W722zduOSing=",
        "owner": "OmniSharp",
        "repo": "omnisharp-vim",
        "rev": "f9c5d3e3375e8b5688a4506e813cb21bdc7329b1",
        "type": "github"
      },
      "original": {
        "owner": "OmniSharp",
        "repo": "omnisharp-vim",
        "type": "github"
      }
    },
    "vim-tree-plug": {
      "flake": false,
      "locked": {
        "lastModified": 1712366921,
        "narHash": "sha256-6pbOeklf+otsJIjt9IUyUfuTAedShnwERYq1IfhyrJs=",
        "owner": "nvim-tree",
        "repo": "nvim-tree.lua",
        "rev": "81eb8d519233c105f30dc0a278607e62b20502fd",
        "type": "github"
      },
      "original": {
        "owner": "nvim-tree",
        "repo": "nvim-tree.lua",
        "type": "github"
      }
    },
    "vim-typst-plug": {
      "flake": false,
      "locked": {
        "lastModified": 1711386336,
        "narHash": "sha256-Yktr6TZ/z9oIBFLjLabfqYzJX5LwgAfaNW3guWj5EeY=",
        "owner": "kaarmu",
        "repo": "typst.vim",
        "rev": "86e4fa8dcddd032f9fdbf04602417a8baac8fed3",
        "type": "github"
      },
      "original": {
        "owner": "kaarmu",
        "repo": "typst.vim",
        "type": "github"
      }
    }
  },
  "root": "root",
  "version": 7
}
