{
  "nodes": {
    "alacritty-themes": {
      "flake": false,
      "locked": {
        "lastModified": 1729779850,
        "narHash": "sha256-KdjysVDs4oGU9gQwkW36aHmK30KiCdVNiREJOAETxNw=",
        "owner": "alacritty",
        "repo": "alacritty-theme",
        "rev": "c424c57c8a2b6a62b6602d61ebfbc7e50f2c81d8",
        "type": "github"
      },
      "original": {
        "owner": "alacritty",
        "repo": "alacritty-theme",
        "type": "github"
      }
    },
    "bat-catppuccin-plug": {
      "flake": false,
      "locked": {
        "lastModified": 1729267055,
        "narHash": "sha256-x1yqPCWuoBSx/cI94eA+AWwhiSA42cLNUOFJl7qjhmw=",
        "owner": "catppuccin",
        "repo": "bat",
        "rev": "d2bbee4f7e7d5bac63c054e4d8eca57954b31471",
        "type": "github"
      },
      "original": {
        "owner": "catppuccin",
        "repo": "bat",
        "type": "github"
      }
    },
    "bat-typst-syntax": {
      "flake": false,
      "locked": {
        "lastModified": 1729733248,
        "narHash": "sha256-PtZVlHZkD2XilbIadgwl/CStRn5grORda2vMw2xaiEI=",
        "owner": "hyrious",
        "repo": "typst-syntax-highlight",
        "rev": "3d4443e8f4d63dd5a2b078b82a36304252ea3ee4",
        "type": "github"
      },
      "original": {
        "owner": "hyrious",
        "repo": "typst-syntax-highlight",
        "type": "github"
      }
    },
    "darwin": {
      "inputs": {
        "nixpkgs": [
          "nixpkgs"
        ]
      },
      "locked": {
        "lastModified": 1729982130,
        "narHash": "sha256-HmLLQbX07rYD0RXPxbf3kJtUo66XvEIX9Y+N5QHQ9aY=",
        "owner": "lnl7",
        "repo": "nix-darwin",
        "rev": "2eb472230a5400c81d9008014888b4bff23bcf44",
        "type": "github"
      },
      "original": {
        "owner": "lnl7",
        "repo": "nix-darwin",
        "type": "github"
      }
    },
    "home-manager": {
      "inputs": {
        "nixpkgs": [
          "nixpkgs"
        ]
      },
      "locked": {
        "lastModified": 1729894599,
        "narHash": "sha256-nL9nzNE5/re/P+zOv7NX6bRm5e+DeS1HIufQUJ01w20=",
        "owner": "nix-community",
        "repo": "home-manager",
        "rev": "93435d27d250fa986bfec6b2ff263161ff8288cb",
        "type": "github"
      },
      "original": {
        "owner": "nix-community",
        "ref": "master",
        "repo": "home-manager",
        "type": "github"
      }
    },
    "nixpkgs": {
      "locked": {
        "lastModified": 1729951556,
        "narHash": "sha256-bpb6r3GjzhNW8l+mWtRtLNg5PhJIae041sPyqcFNGb4=",
        "owner": "nixos",
        "repo": "nixpkgs",
        "rev": "4e0eec54db79d4d0909f45a88037210ff8eaffee",
        "type": "github"
      },
      "original": {
        "owner": "nixos",
        "ref": "nixpkgs-unstable",
        "repo": "nixpkgs",
        "type": "github"
      }
    },
    "nur": {
      "locked": {
        "lastModified": 1730002419,
        "narHash": "sha256-/zP14gDha3b/RRCl3T8SfZbY+4647G52bb+ODWv9U0U=",
        "owner": "nix-community",
        "repo": "NUR",
        "rev": "b183dd494dc3138db500a64cdda1c3c91ac7d607",
        "type": "github"
      },
      "original": {
        "owner": "nix-community",
        "repo": "NUR",
        "type": "github"
      }
    },
    "root": {
      "inputs": {
        "alacritty-themes": "alacritty-themes",
        "bat-catppuccin-plug": "bat-catppuccin-plug",
        "bat-typst-syntax": "bat-typst-syntax",
        "darwin": "darwin",
        "home-manager": "home-manager",
        "nixpkgs": "nixpkgs",
        "nur": "nur",
        "ruby-build": "ruby-build"
      }
    },
    "ruby-build": {
      "flake": false,
      "locked": {
        "lastModified": 1729184894,
        "narHash": "sha256-7aQcPdWaYttwDVsxpJ89C9YBdcgqp43LfsD2WiuQKiE=",
        "owner": "rbenv",
        "repo": "ruby-build",
        "rev": "aab1b8d0e7e814f200320749501ba57e2fae20d0",
        "type": "github"
      },
      "original": {
        "owner": "rbenv",
        "repo": "ruby-build",
        "type": "github"
      }
    }
  },
  "root": "root",
  "version": 7
}
