{
  "nodes": {
    "bat-typst-syntax": {
      "flake": false,
      "locked": {
        "lastModified": 1739379838,
        "narHash": "sha256-pC9sDLm6AHGeJf3ISLVV2kDLAx0P/nAmeamVnArQfjE=",
        "owner": "hyrious",
        "repo": "typst-syntax-highlight",
        "rev": "1bde1ea511d86c622a0fd27d9e0db3e047d4094f",
        "type": "github"
      },
      "original": {
        "owner": "hyrious",
        "repo": "typst-syntax-highlight",
        "type": "github"
      }
    },
    "darwin": {
      "inputs": {
        "nixpkgs": [
          "nixpkgs"
        ]
      },
      "locked": {
        "lastModified": 1740636552,
        "narHash": "sha256-vBtVB8uU4Bxbyz43MhldAGX91i15j4LJI1Ss3mCCO7s=",
        "owner": "lnl7",
        "repo": "nix-darwin",
        "rev": "665cc04a60eb8ba47d41eadbe6264ca8a71943e8",
        "type": "github"
      },
      "original": {
        "owner": "lnl7",
        "repo": "nix-darwin",
        "type": "github"
      }
    },
    "flake-parts": {
      "inputs": {
        "nixpkgs-lib": [
          "nur",
          "nixpkgs"
        ]
      },
      "locked": {
        "lastModified": 1733312601,
        "narHash": "sha256-4pDvzqnegAfRkPwO3wmwBhVi/Sye1mzps0zHWYnP88c=",
        "owner": "hercules-ci",
        "repo": "flake-parts",
        "rev": "205b12d8b7cd4802fbcb8e8ef6a0f1408781a4f9",
        "type": "github"
      },
      "original": {
        "owner": "hercules-ci",
        "repo": "flake-parts",
        "type": "github"
      }
    },
    "home-manager": {
      "inputs": {
        "nixpkgs": [
          "nixpkgs"
        ]
      },
      "locked": {
        "lastModified": 1740679976,
        "narHash": "sha256-6U/zvgtcGJqpOTKsIgf+mRO7/djwV07ImU/t0nZBix8=",
        "owner": "nix-community",
        "repo": "home-manager",
        "rev": "343646e092696d94b6f22b6875ae685756fd4cf0",
        "type": "github"
      },
      "original": {
        "owner": "nix-community",
        "ref": "master",
        "repo": "home-manager",
        "type": "github"
      }
    },
    "nixpkgs": {
      "locked": {
        "lastModified": 1740687896,
        "narHash": "sha256-KLX+CGP88gutayKKr6iKHcrxl9qme9Vb+KKo+Vb/oRA=",
        "owner": "nixos",
        "repo": "nixpkgs",
        "rev": "325307aaad86b28219fe7c065cbb217ba608ec8b",
        "type": "github"
      },
      "original": {
        "owner": "nixos",
        "repo": "nixpkgs",
        "type": "github"
      }
    },
    "nixpkgs_2": {
      "locked": {
        "lastModified": 1740560979,
        "narHash": "sha256-Vr3Qi346M+8CjedtbyUevIGDZW8LcA1fTG0ugPY/Hic=",
        "owner": "nixos",
        "repo": "nixpkgs",
        "rev": "5135c59491985879812717f4c9fea69604e7f26f",
        "type": "github"
      },
      "original": {
        "owner": "nixos",
        "ref": "nixos-unstable",
        "repo": "nixpkgs",
        "type": "github"
      }
    },
    "nur": {
      "inputs": {
        "flake-parts": "flake-parts",
        "nixpkgs": "nixpkgs_2",
        "treefmt-nix": "treefmt-nix"
      },
      "locked": {
        "lastModified": 1740687540,
        "narHash": "sha256-gnxPuKS+qGPPOmdCOMhfWHWA6tE6gMJ1sMmsm5X0UhE=",
        "owner": "nix-community",
        "repo": "NUR",
        "rev": "4955211b864792ebf0e29f362ade41ac2cecde3c",
        "type": "github"
      },
      "original": {
        "owner": "nix-community",
        "repo": "NUR",
        "type": "github"
      }
    },
    "root": {
      "inputs": {
        "bat-typst-syntax": "bat-typst-syntax",
        "darwin": "darwin",
        "home-manager": "home-manager",
        "nixpkgs": "nixpkgs",
        "nur": "nur"
      }
    },
    "treefmt-nix": {
      "inputs": {
        "nixpkgs": [
          "nur",
          "nixpkgs"
        ]
      },
      "locked": {
        "lastModified": 1733222881,
        "narHash": "sha256-JIPcz1PrpXUCbaccEnrcUS8jjEb/1vJbZz5KkobyFdM=",
        "owner": "numtide",
        "repo": "treefmt-nix",
        "rev": "49717b5af6f80172275d47a418c9719a31a78b53",
        "type": "github"
      },
      "original": {
        "owner": "numtide",
        "repo": "treefmt-nix",
        "type": "github"
      }
    }
  },
  "root": "root",
  "version": 7
}
