{
  "name": "@juanbenjumea/pi-dynamic-footer",
  "version": "0.1.7",
  "lockfileVersion": 3,
  "requires": true,
  "packages": {
    "": {
      "name": "@juanbenjumea/pi-dynamic-footer",
      "version": "0.1.7",
      "license": "MIT",
      "dependencies": {
        "@juanbenjumea/opencode-go-usage": "^0.1.0"
      },
      "engines": {
        "node": ">=18.0.0"
      },
      "peerDependencies": {
        "@earendil-works/pi-ai": "*",
        "@earendil-works/pi-coding-agent": ">=0.80.0",
        "@earendil-works/pi-tui": "*"
      }
    },
    "node_modules/@juanbenjumea/opencode-go-usage": {
      "version": "0.1.1",
      "resolved": "https://registry.npmjs.org/@juanbenjumea/opencode-go-usage/-/opencode-go-usage-0.1.1.tgz",
      "integrity": "sha512-5dalJ5CtZB34iJq9kBrkz3xPP6cHe45qPEe9TWqTUksBK50SKjXM2DydwwdVUK4yI1U0Z7N9zG/WFvFzvlym6A==",
      "license": "MIT",
      "engines": {
        "node": ">=20.0.0"
      }
    }
  }
}
